
Microsoft Visual Studio Solution File, Format Version 12.00
# Visual Studio 15
VisualStudioVersion = 15.0.28010.2041
MinimumVisualStudioVersion = 10.0.40219.1
Project("{F184B08F-C81C-45F6-A57F-5ABD9991F28F}") = "SlimShopper", "SlimShopper\SlimShopper.vbproj", "{47C7C858-5B7D-4A03-96EF-32C1A1E0298E}"
EndProject
Global
	GlobalSection(SolutionConfigurationPlatforms) = preSolution
		Debug|ARM = Debug|ARM
		Debug|x64 = Debug|x64
		Debug|x86 = Debug|x86
		Release|ARM = Release|ARM
		Release|x64 = Release|x64
		Release|x86 = Release|x86
	EndGlobalSection
	GlobalSection(ProjectConfigurationPlatforms) = postSolution
		{47C7C858-5B7D-4A03-96EF-32C1A1E0298E}.Debug|ARM.ActiveCfg = Debug|ARM
		{47C7C858-5B7D-4A03-96EF-32C1A1E0298E}.Debug|ARM.Build.0 = Debug|ARM
		{47C7C858-5B7D-4A03-96EF-32C1A1E0298E}.Debug|ARM.Deploy.0 = Debug|ARM
		{47C7C858-5B7D-4A03-96EF-32C1A1E0298E}.Debug|x64.ActiveCfg = Debug|x64
		{47C7C858-5B7D-4A03-96EF-32C1A1E0298E}.Debug|x64.Build.0 = Debug|x64
		{47C7C858-5B7D-4A03-96EF-32C1A1E0298E}.Debug|x64.Deploy.0 = Debug|x64
		{47C7C858-5B7D-4A03-96EF-32C1A1E0298E}.Debug|x86.ActiveCfg = Debug|x86
		{47C7C858-5B7D-4A03-96EF-32C1A1E0298E}.Debug|x86.Build.0 = Debug|x86
		{47C7C858-5B7D-4A03-96EF-32C1A1E0298E}.Debug|x86.Deploy.0 = Debug|x86
		{47C7C858-5B7D-4A03-96EF-32C1A1E0298E}.Release|ARM.ActiveCfg = Release|ARM
		{47C7C858-5B7D-4A03-96EF-32C1A1E0298E}.Release|ARM.Build.0 = Release|ARM
		{47C7C858-5B7D-4A03-96EF-32C1A1E0298E}.Release|ARM.Deploy.0 = Release|ARM
		{47C7C858-5B7D-4A03-96EF-32C1A1E0298E}.Release|x64.ActiveCfg = Release|x64
		{47C7C858-5B7D-4A03-96EF-32C1A1E0298E}.Release|x64.Build.0 = Release|x64
		{47C7C858-5B7D-4A03-96EF-32C1A1E0298E}.Release|x64.Deploy.0 = Release|x64
		{47C7C858-5B7D-4A03-96EF-32C1A1E0298E}.Release|x86.ActiveCfg = Release|x86
		{47C7C858-5B7D-4A03-96EF-32C1A1E0298E}.Release|x86.Build.0 = Release|x86
		{47C7C858-5B7D-4A03-96EF-32C1A1E0298E}.Release|x86.Deploy.0 = Release|x86
	EndGlobalSection
	GlobalSection(SolutionProperties) = preSolution
		HideSolutionNode = FALSE
	EndGlobalSection
	GlobalSection(ExtensibilityGlobals) = postSolution
		SolutionGuid = {8F30C1B7-1F5A-4DD0-8995-54C1885AA68E}
	EndGlobalSection
EndGlobal
